
Microsoft Visual Studio Solution File, Format Version 12.00
# Visual Studio Version 17
VisualStudioVersion = 17.11.35312.102
MinimumVisualStudioVersion = 10.0.40219.1
Project("{9A19103F-16F7-4668-BE54-9A1E7A4F7556}") = "WebApi", "WebApi\WebApi.csproj", "{5C68F8F9-9478-47C8-9FCC-4D1AB591D70A}"
EndProject
Project("{9A19103F-16F7-4668-BE54-9A1E7A4F7556}") = "Domain", "Domain\Domain.csproj", "{F1F8149B-B6A0-413F-936D-688B10AB5D3E}"
EndProject
Project("{9A19103F-16F7-4668-BE54-9A1E7A4F7556}") = "Application", "Application\Application.csproj", "{7EC72BF3-FAD9-4B9B-8EA5-4CEDE77F350E}"
EndProject
Project("{FAE04EC0-301F-11D3-BF4B-00C04F79EFBC}") = "Infrastructures", "Infrastructures\Infrastructures.csproj", "{A1E35BCB-3EA7-4B36-92C2-9A1F5497910B}"
EndProject
Global
	GlobalSection(SolutionConfigurationPlatforms) = preSolution
		Debug|Any CPU = Debug|Any CPU
		Release|Any CPU = Release|Any CPU
	EndGlobalSection
	GlobalSection(ProjectConfigurationPlatforms) = postSolution
		{5C68F8F9-9478-47C8-9FCC-4D1AB591D70A}.Debug|Any CPU.ActiveCfg = Debug|Any CPU
		{5C68F8F9-9478-47C8-9FCC-4D1AB591D70A}.Debug|Any CPU.Build.0 = Debug|Any CPU
		{5C68F8F9-9478-47C8-9FCC-4D1AB591D70A}.Release|Any CPU.ActiveCfg = Release|Any CPU
		{5C68F8F9-9478-47C8-9FCC-4D1AB591D70A}.Release|Any CPU.Build.0 = Release|Any CPU
		{F1F8149B-B6A0-413F-936D-688B10AB5D3E}.Debug|Any CPU.ActiveCfg = Debug|Any CPU
		{F1F8149B-B6A0-413F-936D-688B10AB5D3E}.Debug|Any CPU.Build.0 = Debug|Any CPU
		{F1F8149B-B6A0-413F-936D-688B10AB5D3E}.Release|Any CPU.ActiveCfg = Release|Any CPU
		{F1F8149B-B6A0-413F-936D-688B10AB5D3E}.Release|Any CPU.Build.0 = Release|Any CPU
		{7EC72BF3-FAD9-4B9B-8EA5-4CEDE77F350E}.Debug|Any CPU.ActiveCfg = Debug|Any CPU
		{7EC72BF3-FAD9-4B9B-8EA5-4CEDE77F350E}.Debug|Any CPU.Build.0 = Debug|Any CPU
		{7EC72BF3-FAD9-4B9B-8EA5-4CEDE77F350E}.Release|Any CPU.ActiveCfg = Release|Any CPU
		{7EC72BF3-FAD9-4B9B-8EA5-4CEDE77F350E}.Release|Any CPU.Build.0 = Release|Any CPU
		{A1E35BCB-3EA7-4B36-92C2-9A1F5497910B}.Debug|Any CPU.ActiveCfg = Debug|Any CPU
		{A1E35BCB-3EA7-4B36-92C2-9A1F5497910B}.Debug|Any CPU.Build.0 = Debug|Any CPU
		{A1E35BCB-3EA7-4B36-92C2-9A1F5497910B}.Release|Any CPU.ActiveCfg = Release|Any CPU
		{A1E35BCB-3EA7-4B36-92C2-9A1F5497910B}.Release|Any CPU.Build.0 = Release|Any CPU
	EndGlobalSection
	GlobalSection(SolutionProperties) = preSolution
		HideSolutionNode = FALSE
	EndGlobalSection
	GlobalSection(ExtensibilityGlobals) = postSolution
		SolutionGuid = {DD5E6CC3-84FB-45CA-8C53-763CE5BFF470}
	EndGlobalSection
EndGlobal
